<?xml version="1.0" encoding="utf-8"?>
<Project ToolsVersion="4.0" xmlns="http://schemas.microsoft.com/developer/msbuild/2003">
  <ItemGroup>
    <Filter Include="Source Files">
      <UniqueIdentifier>{4FC737F1-C7A5-4376-A066-2A32D752A2FF}</UniqueIdentifier>
      <Extensions>cpp;c;cc;cxx;def;odl;idl;hpj;bat;asm;asmx</Extensions>
    </Filter>
    <Filter Include="Source Files\modules">
      <UniqueIdentifier>{1415c34a-c7a1-462d-a06d-9eff082bbbb5}</UniqueIdentifier>
    </Filter>
    <Filter Include="Source Files\modules\demux">
      <UniqueIdentifier>{896b6c54-af41-47fe-ac8d-26fafa298119}</UniqueIdentifier>
    </Filter>
  </ItemGroup>
  <ItemGroup>
    <ClCompile Include="..\..\..\dllsrc\dllmain.cpp">
      <Filter>Source Files</Filter>
    </ClCompile>
    <ClCompile Include="..\..\..\modules\demux\mjpeg.c">
      <Filter>Source Files\modules\demux</Filter>
    </ClCompile>
  </ItemGroup>
</Project>