<?xml version="1.0" encoding="utf-8"?>
<Project ToolsVersion="4.0" xmlns="http://schemas.microsoft.com/developer/msbuild/2003">
  <ItemGroup>
    <Filter Include="Source Files">
      <UniqueIdentifier>{4FC737F1-C7A5-4376-A066-2A32D752A2FF}</UniqueIdentifier>
      <Extensions>cpp;c;cc;cxx;def;odl;idl;hpj;bat;asm;asmx</Extensions>
    </Filter>
    <Filter Include="Source Files\modules">
      <UniqueIdentifier>{b8938744-420c-43de-972f-50363c3681cd}</UniqueIdentifier>
    </Filter>
    <Filter Include="Source Files\modules\demux">
      <UniqueIdentifier>{d2d034d7-84cc-43ed-9bca-a3745afad6eb}</UniqueIdentifier>
    </Filter>
  </ItemGroup>
  <ItemGroup>
    <ClCompile Include="..\..\..\dllsrc\dllmain.cpp">
      <Filter>Source Files</Filter>
    </ClCompile>
    <ClCompile Include="..\..\..\modules\demux\nsc.c">
      <Filter>Source Files\modules\demux</Filter>
    </ClCompile>
  </ItemGroup>
</Project>