<?xml version="1.0" encoding="utf-8"?>
<Project ToolsVersion="4.0" xmlns="http://schemas.microsoft.com/developer/msbuild/2003">
  <ItemGroup>
    <Filter Include="Source Files">
      <UniqueIdentifier>{4FC737F1-C7A5-4376-A066-2A32D752A2FF}</UniqueIdentifier>
      <Extensions>cpp;c;cc;cxx;def;odl;idl;hpj;bat;asm;asmx</Extensions>
    </Filter>
    <Filter Include="Source Files\modules">
      <UniqueIdentifier>{10792238-6de6-4e91-b30f-092f1ef41972}</UniqueIdentifier>
    </Filter>
    <Filter Include="Source Files\modules\stream_out">
      <UniqueIdentifier>{b3a6147a-b408-40a2-959c-cbde73f11498}</UniqueIdentifier>
    </Filter>
  </ItemGroup>
  <ItemGroup>
    <ClCompile Include="..\..\..\dllsrc\dllmain.cpp">
      <Filter>Source Files</Filter>
    </ClCompile>
    <ClCompile Include="..\..\..\modules\stream_out\es.c">
      <Filter>Source Files\modules\stream_out</Filter>
    </ClCompile>
  </ItemGroup>
</Project>