<?xml version="1.0" encoding="utf-8"?>
<Project ToolsVersion="4.0" xmlns="http://schemas.microsoft.com/developer/msbuild/2003">
  <ItemGroup>
    <Filter Include="Source Files">
      <UniqueIdentifier>{4FC737F1-C7A5-4376-A066-2A32D752A2FF}</UniqueIdentifier>
      <Extensions>cpp;c;cc;cxx;def;odl;idl;hpj;bat;asm;asmx</Extensions>
    </Filter>
    <Filter Include="Source Files\modules">
      <UniqueIdentifier>{a89406f0-2c33-4a3b-9814-3354e2df9a83}</UniqueIdentifier>
    </Filter>
    <Filter Include="Source Files\modules\codec">
      <UniqueIdentifier>{486ef2d8-3e54-408c-9c86-a7693c659b40}</UniqueIdentifier>
    </Filter>
  </ItemGroup>
  <ItemGroup>
    <ClCompile Include="..\..\..\dllsrc\dllmain.cpp">
      <Filter>Source Files</Filter>
    </ClCompile>
    <ClCompile Include="..\..\..\modules\codec\schroedinger.c">
      <Filter>Source Files\modules\codec</Filter>
    </ClCompile>
  </ItemGroup>
</Project>