<?xml version="1.0" encoding="utf-8"?>
<Project ToolsVersion="4.0" xmlns="http://schemas.microsoft.com/developer/msbuild/2003">
  <ItemGroup>
    <Filter Include="Source Files">
      <UniqueIdentifier>{4FC737F1-C7A5-4376-A066-2A32D752A2FF}</UniqueIdentifier>
      <Extensions>cpp;c;cc;cxx;def;odl;idl;hpj;bat;asm;asmx</Extensions>
    </Filter>
    <Filter Include="Source Files\modules">
      <UniqueIdentifier>{8658c567-d0d7-4da8-8e9a-61fa6cd9419d}</UniqueIdentifier>
    </Filter>
    <Filter Include="Source Files\modules\misc">
      <UniqueIdentifier>{d54800eb-33bb-40c9-b2c3-7aea1e7fb536}</UniqueIdentifier>
    </Filter>
    <Filter Include="Source Files\modules\misc\playlist">
      <UniqueIdentifier>{a158d669-bc88-4959-a2f9-b3fa2e973393}</UniqueIdentifier>
    </Filter>
  </ItemGroup>
  <ItemGroup>
    <ClCompile Include="..\..\..\dllsrc\dllmain.cpp">
      <Filter>Source Files</Filter>
    </ClCompile>
    <ClCompile Include="..\..\..\modules\misc\playlist\export.c">
      <Filter>Source Files\modules\misc\playlist</Filter>
    </ClCompile>
    <ClCompile Include="..\..\..\modules\misc\playlist\html.c">
      <Filter>Source Files\modules\misc\playlist</Filter>
    </ClCompile>
    <ClCompile Include="..\..\..\modules\misc\playlist\m3u.c">
      <Filter>Source Files\modules\misc\playlist</Filter>
    </ClCompile>
    <ClCompile Include="..\..\..\modules\misc\playlist\xspf.c">
      <Filter>Source Files\modules\misc\playlist</Filter>
    </ClCompile>
  </ItemGroup>
</Project>