<?xml version="1.0" encoding="utf-8"?>
<Project ToolsVersion="4.0" xmlns="http://schemas.microsoft.com/developer/msbuild/2003">
  <ItemGroup>
    <Filter Include="Source Files">
      <UniqueIdentifier>{4FC737F1-C7A5-4376-A066-2A32D752A2FF}</UniqueIdentifier>
      <Extensions>cpp;c;cc;cxx;def;odl;idl;hpj;bat;asm;asmx</Extensions>
    </Filter>
    <Filter Include="Source Files\modules">
      <UniqueIdentifier>{d42a289d-4eba-4c2b-80cc-d38aacf3f5a2}</UniqueIdentifier>
    </Filter>
    <Filter Include="Source Files\modules\misc">
      <UniqueIdentifier>{8936af60-aa10-4933-87ad-5f1d0b89e900}</UniqueIdentifier>
    </Filter>
  </ItemGroup>
  <ItemGroup>
    <ClCompile Include="..\..\..\dllsrc\dllmain.cpp">
      <Filter>Source Files</Filter>
    </ClCompile>
    <ClCompile Include="..\..\..\modules\misc\audioscrobbler.c">
      <Filter>Source Files\modules\misc</Filter>
    </ClCompile>
  </ItemGroup>
</Project>