<?xml version="1.0" encoding="utf-8"?>
<Project ToolsVersion="4.0" xmlns="http://schemas.microsoft.com/developer/msbuild/2003">
  <ItemGroup>
    <Filter Include="Source Files">
      <UniqueIdentifier>{4FC737F1-C7A5-4376-A066-2A32D752A2FF}</UniqueIdentifier>
      <Extensions>cpp;c;cc;cxx;def;odl;idl;hpj;bat;asm;asmx</Extensions>
    </Filter>
    <Filter Include="Source Files\modules">
      <UniqueIdentifier>{bee26b79-8588-4950-80d8-efa0e848d5ec}</UniqueIdentifier>
    </Filter>
    <Filter Include="Source Files\modules\video_output">
      <UniqueIdentifier>{d1961d91-2851-4180-a76f-42d86c24d555}</UniqueIdentifier>
    </Filter>
  </ItemGroup>
  <ItemGroup>
    <ClCompile Include="..\..\..\dllsrc\dllmain.cpp">
      <Filter>Source Files</Filter>
    </ClCompile>
    <ClCompile Include="..\..\..\modules\video_output\vdummy.c">
      <Filter>Source Files\modules\video_output</Filter>
    </ClCompile>
  </ItemGroup>
</Project>