<?xml version="1.0" encoding="utf-8"?>
<Project ToolsVersion="4.0" xmlns="http://schemas.microsoft.com/developer/msbuild/2003">
  <ItemGroup>
    <Filter Include="Source Files">
      <UniqueIdentifier>{4FC737F1-C7A5-4376-A066-2A32D752A2FF}</UniqueIdentifier>
      <Extensions>cpp;c;cc;cxx;def;odl;idl;hpj;bat;asm;asmx</Extensions>
    </Filter>
    <Filter Include="Source Files\modules">
      <UniqueIdentifier>{74e209fe-9f42-4855-b256-2ebfda4ebf31}</UniqueIdentifier>
    </Filter>
    <Filter Include="Source Files\modules\codec">
      <UniqueIdentifier>{66080f34-fea6-41e0-af35-b37f783ff068}</UniqueIdentifier>
    </Filter>
  </ItemGroup>
  <ItemGroup>
    <ClCompile Include="..\..\..\dllsrc\dllmain.cpp">
      <Filter>Source Files</Filter>
    </ClCompile>
    <ClCompile Include="..\..\..\modules\codec\quicktime.c">
      <Filter>Source Files\modules\codec</Filter>
    </ClCompile>
  </ItemGroup>
</Project>