<?xml version="1.0" encoding="utf-8"?>
<Project ToolsVersion="4.0" xmlns="http://schemas.microsoft.com/developer/msbuild/2003">
  <ItemGroup>
    <Filter Include="Source Files">
      <UniqueIdentifier>{4FC737F1-C7A5-4376-A066-2A32D752A2FF}</UniqueIdentifier>
      <Extensions>cpp;c;cc;cxx;def;odl;idl;hpj;bat;asm;asmx</Extensions>
    </Filter>
    <Filter Include="Source Files\modules">
      <UniqueIdentifier>{f5780e15-97ca-43b9-910e-acfbe6ecf4ab}</UniqueIdentifier>
    </Filter>
    <Filter Include="Source Files\modules\stream_out">
      <UniqueIdentifier>{20c7c2ed-2ce1-4d0c-8e61-afd5409b6929}</UniqueIdentifier>
    </Filter>
  </ItemGroup>
  <ItemGroup>
    <ClCompile Include="..\..\..\dllsrc\dllmain.cpp">
      <Filter>Source Files</Filter>
    </ClCompile>
    <ClCompile Include="..\..\..\modules\stream_out\stats.c">
      <Filter>Source Files\modules\stream_out</Filter>
    </ClCompile>
  </ItemGroup>
</Project>