<?xml version="1.0" encoding="utf-8"?>
<Project ToolsVersion="4.0" xmlns="http://schemas.microsoft.com/developer/msbuild/2003">
  <ItemGroup>
    <Filter Include="Source Files">
      <UniqueIdentifier>{4FC737F1-C7A5-4376-A066-2A32D752A2FF}</UniqueIdentifier>
      <Extensions>cpp;c;cc;cxx;def;odl;idl;hpj;bat;asm;asmx</Extensions>
    </Filter>
    <Filter Include="Source Files\modules">
      <UniqueIdentifier>{66bfdce2-7322-44b5-94dd-0c44b86c32ba}</UniqueIdentifier>
    </Filter>
    <Filter Include="Source Files\modules\audio_mixer">
      <UniqueIdentifier>{fccfc0d3-cacf-486a-9d51-afb8b6b44e8e}</UniqueIdentifier>
    </Filter>
  </ItemGroup>
  <ItemGroup>
    <ClCompile Include="..\..\..\dllsrc\dllmain.cpp">
      <Filter>Source Files</Filter>
    </ClCompile>
    <ClCompile Include="..\..\..\modules\audio_mixer\float.c">
      <Filter>Source Files\modules\audio_mixer</Filter>
    </ClCompile>
  </ItemGroup>
</Project>