<?xml version="1.0" encoding="utf-8"?>
<Project ToolsVersion="4.0" xmlns="http://schemas.microsoft.com/developer/msbuild/2003">
  <ItemGroup>
    <Filter Include="Source Files">
      <UniqueIdentifier>{4FC737F1-C7A5-4376-A066-2A32D752A2FF}</UniqueIdentifier>
      <Extensions>cpp;c;cc;cxx;def;odl;idl;hpj;bat;asm;asmx</Extensions>
    </Filter>
    <Filter Include="Source Files\modules">
      <UniqueIdentifier>{d4bca178-f4c2-4ddb-a153-000f761631af}</UniqueIdentifier>
    </Filter>
    <Filter Include="Source Files\modules\access">
      <UniqueIdentifier>{8b3114e5-0a5a-4581-915f-b34519aea0a6}</UniqueIdentifier>
    </Filter>
  </ItemGroup>
  <ItemGroup>
    <ClCompile Include="..\..\..\dllsrc\dllmain.cpp">
      <Filter>Source Files</Filter>
    </ClCompile>
    <ClCompile Include="..\..\..\modules\access\http.c">
      <Filter>Source Files\modules\access</Filter>
    </ClCompile>
  </ItemGroup>
</Project>