<?xml version="1.0" encoding="utf-8"?>
<Project ToolsVersion="4.0" xmlns="http://schemas.microsoft.com/developer/msbuild/2003">
  <ItemGroup>
    <Filter Include="Source Files">
      <UniqueIdentifier>{4FC737F1-C7A5-4376-A066-2A32D752A2FF}</UniqueIdentifier>
      <Extensions>cpp;c;cc;cxx;def;odl;idl;hpj;bat;asm;asmx</Extensions>
    </Filter>
    <Filter Include="Source Files\modules">
      <UniqueIdentifier>{9904fce2-642d-42ed-81c5-760ce0da7cf2}</UniqueIdentifier>
    </Filter>
    <Filter Include="Source Files\modules\audio_filter">
      <UniqueIdentifier>{2fb59085-12c5-4d80-a979-d36e648ea4f4}</UniqueIdentifier>
    </Filter>
    <Filter Include="Source Files\modules\audio_filter\channel_mixer">
      <UniqueIdentifier>{53f99cef-7c59-4236-91e8-f3fe92bacab1}</UniqueIdentifier>
    </Filter>
  </ItemGroup>
  <ItemGroup>
    <ClCompile Include="..\..\..\dllsrc\dllmain.cpp">
      <Filter>Source Files</Filter>
    </ClCompile>
    <ClCompile Include="..\..\..\modules\audio_filter\channel_mixer\remap.c">
      <Filter>Source Files\modules\audio_filter\channel_mixer</Filter>
    </ClCompile>
  </ItemGroup>
</Project>