<?xml version="1.0" encoding="utf-8"?>
<Project ToolsVersion="4.0" xmlns="http://schemas.microsoft.com/developer/msbuild/2003">
  <ItemGroup>
    <Filter Include="Source Files">
      <UniqueIdentifier>{4FC737F1-C7A5-4376-A066-2A32D752A2FF}</UniqueIdentifier>
      <Extensions>cpp;c;cc;cxx;def;odl;idl;hpj;bat;asm;asmx</Extensions>
    </Filter>
    <Filter Include="Source Files\modules">
      <UniqueIdentifier>{a2031a2f-d67c-4a4f-9a02-3384a4d32236}</UniqueIdentifier>
    </Filter>
    <Filter Include="Source Files\modules\stream_out">
      <UniqueIdentifier>{f5715aae-bee3-45ee-a6e1-55a6e5b55528}</UniqueIdentifier>
    </Filter>
    <Filter Include="Source Files\modules\stream_out\transcode">
      <UniqueIdentifier>{d8a550a7-9c79-4724-89ea-f6c25df74b0b}</UniqueIdentifier>
    </Filter>
  </ItemGroup>
  <ItemGroup>
    <ClCompile Include="..\..\..\dllsrc\dllmain.cpp">
      <Filter>Source Files</Filter>
    </ClCompile>
    <ClCompile Include="..\..\..\modules\stream_out\transcode\audio.c">
      <Filter>Source Files\modules\stream_out\transcode</Filter>
    </ClCompile>
    <ClCompile Include="..\..\..\modules\stream_out\transcode\osd.c">
      <Filter>Source Files\modules\stream_out\transcode</Filter>
    </ClCompile>
    <ClCompile Include="..\..\..\modules\stream_out\transcode\spu.c">
      <Filter>Source Files\modules\stream_out\transcode</Filter>
    </ClCompile>
    <ClCompile Include="..\..\..\modules\stream_out\transcode\transcode.c">
      <Filter>Source Files\modules\stream_out\transcode</Filter>
    </ClCompile>
    <ClCompile Include="..\..\..\modules\stream_out\transcode\video.c">
      <Filter>Source Files\modules\stream_out\transcode</Filter>
    </ClCompile>
  </ItemGroup>
</Project>