<?xml version="1.0" encoding="utf-8"?>
<Project ToolsVersion="4.0" xmlns="http://schemas.microsoft.com/developer/msbuild/2003">
  <ItemGroup>
    <Filter Include="Source Files">
      <UniqueIdentifier>{4FC737F1-C7A5-4376-A066-2A32D752A2FF}</UniqueIdentifier>
      <Extensions>cpp;c;cc;cxx;def;odl;idl;hpj;bat;asm;asmx</Extensions>
    </Filter>
    <Filter Include="Source Files\modules">
      <UniqueIdentifier>{e345b57d-c2ef-456e-9492-237f61224b4a}</UniqueIdentifier>
    </Filter>
    <Filter Include="Source Files\modules\packetizer">
      <UniqueIdentifier>{cf5b2fb9-950c-4bfc-a872-2775ddb43fad}</UniqueIdentifier>
    </Filter>
  </ItemGroup>
  <ItemGroup>
    <ClCompile Include="..\..\..\dllsrc\dllmain.cpp">
      <Filter>Source Files</Filter>
    </ClCompile>
    <ClCompile Include="..\..\..\modules\packetizer\mlp.c">
      <Filter>Source Files\modules\packetizer</Filter>
    </ClCompile>
  </ItemGroup>
</Project>