<?xml version="1.0" encoding="utf-8"?>
<Project ToolsVersion="4.0" xmlns="http://schemas.microsoft.com/developer/msbuild/2003">
  <ItemGroup>
    <Filter Include="Source Files">
      <UniqueIdentifier>{4FC737F1-C7A5-4376-A066-2A32D752A2FF}</UniqueIdentifier>
      <Extensions>cpp;c;cc;cxx;def;odl;idl;hpj;bat;asm;asmx</Extensions>
    </Filter>
    <Filter Include="Source Files\modules">
      <UniqueIdentifier>{1bd5f05b-0e44-4238-95f2-767fd4f0636c}</UniqueIdentifier>
    </Filter>
    <Filter Include="Source Files\modules\access">
      <UniqueIdentifier>{050cd04a-2004-4f0a-bc42-1b4a9a458066}</UniqueIdentifier>
    </Filter>
    <Filter Include="Source Files\modules\access\mms">
      <UniqueIdentifier>{54197e29-070e-4376-a97d-675217a63f53}</UniqueIdentifier>
    </Filter>
  </ItemGroup>
  <ItemGroup>
    <ClCompile Include="..\..\..\dllsrc\dllmain.cpp">
      <Filter>Source Files</Filter>
    </ClCompile>
    <ClCompile Include="..\..\..\modules\access\mms\asf.c">
      <Filter>Source Files\modules\access\mms</Filter>
    </ClCompile>
    <ClCompile Include="..\..\..\modules\access\mms\buffer.c">
      <Filter>Source Files\modules\access\mms</Filter>
    </ClCompile>
    <ClCompile Include="..\..\..\modules\access\mms\mms.c">
      <Filter>Source Files\modules\access\mms</Filter>
    </ClCompile>
    <ClCompile Include="..\..\..\modules\access\mms\mmsh.c">
      <Filter>Source Files\modules\access\mms</Filter>
    </ClCompile>
    <ClCompile Include="..\..\..\modules\access\mms\mmstu.c">
      <Filter>Source Files\modules\access\mms</Filter>
    </ClCompile>
  </ItemGroup>
</Project>