<?xml version="1.0" encoding="utf-8"?>
<Project ToolsVersion="4.0" xmlns="http://schemas.microsoft.com/developer/msbuild/2003">
  <ItemGroup>
    <Filter Include="Source Files">
      <UniqueIdentifier>{4FC737F1-C7A5-4376-A066-2A32D752A2FF}</UniqueIdentifier>
      <Extensions>cpp;c;cc;cxx;def;odl;idl;hpj;bat;asm;asmx</Extensions>
    </Filter>
    <Filter Include="Source Files\modules">
      <UniqueIdentifier>{dc5dab22-980b-4e4f-9fa2-e254d10b94f0}</UniqueIdentifier>
    </Filter>
    <Filter Include="Source Files\modules\access_output">
      <UniqueIdentifier>{3aedf0a3-fbaf-4e95-98fc-8796fbe08108}</UniqueIdentifier>
    </Filter>
  </ItemGroup>
  <ItemGroup>
    <ClCompile Include="..\..\..\dllsrc\dllmain.cpp">
      <Filter>Source Files</Filter>
    </ClCompile>
    <ClCompile Include="..\..\..\modules\access_output\udp.c">
      <Filter>Source Files\modules\access_output</Filter>
    </ClCompile>
  </ItemGroup>
</Project>