<?xml version="1.0" encoding="utf-8"?>
<Project ToolsVersion="4.0" xmlns="http://schemas.microsoft.com/developer/msbuild/2003">
  <ItemGroup>
    <Filter Include="Source Files">
      <UniqueIdentifier>{4FC737F1-C7A5-4376-A066-2A32D752A2FF}</UniqueIdentifier>
      <Extensions>cpp;c;cc;cxx;def;odl;idl;hpj;bat;asm;asmx</Extensions>
    </Filter>
    <Filter Include="Source Files\modules">
      <UniqueIdentifier>{bd3c9ef2-40c3-4d70-a59f-c66186190e56}</UniqueIdentifier>
    </Filter>
    <Filter Include="Source Files\modules\misc">
      <UniqueIdentifier>{b845d919-e5cf-42f4-9a4d-14b1df497a42}</UniqueIdentifier>
    </Filter>
    <Filter Include="Source Files\modules\misc\webservices">
      <UniqueIdentifier>{cce8cbe6-812a-45ca-b5f7-8ff012b5225d}</UniqueIdentifier>
    </Filter>
  </ItemGroup>
  <ItemGroup>
    <ClCompile Include="..\..\..\dllsrc\dllmain.cpp">
      <Filter>Source Files</Filter>
    </ClCompile>
    <ClCompile Include="..\..\..\modules\misc\fingerprinter.c">
      <Filter>Source Files\modules\misc</Filter>
    </ClCompile>
    <ClCompile Include="..\..\..\modules\misc\webservices\acoustid.c">
      <Filter>Source Files\modules\misc\webservices</Filter>
    </ClCompile>
    <ClCompile Include="..\..\..\modules\misc\webservices\json.c">
      <Filter>Source Files\modules\misc\webservices</Filter>
    </ClCompile>
  </ItemGroup>
</Project>