<?xml version="1.0" encoding="utf-8"?>
<Project ToolsVersion="4.0" xmlns="http://schemas.microsoft.com/developer/msbuild/2003">
  <ItemGroup>
    <Filter Include="Source Files">
      <UniqueIdentifier>{4FC737F1-C7A5-4376-A066-2A32D752A2FF}</UniqueIdentifier>
      <Extensions>cpp;c;cc;cxx;def;odl;idl;hpj;bat;asm;asmx</Extensions>
    </Filter>
    <Filter Include="Source Files\modules">
      <UniqueIdentifier>{d74fece5-99e8-4f4b-8452-0cd402086d8c}</UniqueIdentifier>
    </Filter>
    <Filter Include="Source Files\modules\audio_filter">
      <UniqueIdentifier>{2b53b3cc-2c43-43f6-bdcb-e44c8ab4b6c2}</UniqueIdentifier>
    </Filter>
    <Filter Include="Source Files\modules\audio_filter\channel_mixer">
      <UniqueIdentifier>{5866eefa-4bb8-4160-96d4-150ba891ee3e}</UniqueIdentifier>
    </Filter>
  </ItemGroup>
  <ItemGroup>
    <ClCompile Include="..\..\..\dllsrc\dllmain.cpp">
      <Filter>Source Files</Filter>
    </ClCompile>
    <ClCompile Include="..\..\..\modules\audio_filter\channel_mixer\mono.c">
      <Filter>Source Files\modules\audio_filter\channel_mixer</Filter>
    </ClCompile>
  </ItemGroup>
</Project>