<?xml version="1.0" encoding="utf-8"?>
<Project ToolsVersion="4.0" xmlns="http://schemas.microsoft.com/developer/msbuild/2003">
  <ItemGroup>
    <Filter Include="Source Files">
      <UniqueIdentifier>{4FC737F1-C7A5-4376-A066-2A32D752A2FF}</UniqueIdentifier>
      <Extensions>cpp;c;cc;cxx;def;odl;idl;hpj;bat;asm;asmx</Extensions>
    </Filter>
    <Filter Include="Source Files\modules">
      <UniqueIdentifier>{01c4bba2-2065-47ba-8624-98da7f24cacc}</UniqueIdentifier>
    </Filter>
    <Filter Include="Source Files\modules\meta_engine">
      <UniqueIdentifier>{ec8b8c8f-175f-4017-9c1c-1a1daf446b12}</UniqueIdentifier>
    </Filter>
  </ItemGroup>
  <ItemGroup>
    <ClCompile Include="..\..\..\dllsrc\dllmain.cpp">
      <Filter>Source Files</Filter>
    </ClCompile>
    <ClCompile Include="..\..\..\modules\meta_engine\folder.c">
      <Filter>Source Files\modules\meta_engine</Filter>
    </ClCompile>
  </ItemGroup>
</Project>