<?xml version="1.0" encoding="utf-8"?>
<Project ToolsVersion="4.0" xmlns="http://schemas.microsoft.com/developer/msbuild/2003">
  <ItemGroup>
    <Filter Include="Source Files">
      <UniqueIdentifier>{4FC737F1-C7A5-4376-A066-2A32D752A2FF}</UniqueIdentifier>
      <Extensions>cpp;c;cc;cxx;def;odl;idl;hpj;bat;asm;asmx</Extensions>
    </Filter>
    <Filter Include="Source Files\modules">
      <UniqueIdentifier>{d83a30f7-e6ec-4645-8e92-7be1d340f3c9}</UniqueIdentifier>
    </Filter>
    <Filter Include="Source Files\modules\video_filter">
      <UniqueIdentifier>{d264d6a2-5e74-4db6-b0d7-9acd2f421fde}</UniqueIdentifier>
    </Filter>
  </ItemGroup>
  <ItemGroup>
    <ClCompile Include="..\..\..\dllsrc\dllmain.cpp">
      <Filter>Source Files</Filter>
    </ClCompile>
    <ClCompile Include="..\..\..\modules\video_filter\hqdn3d.c">
      <Filter>Source Files\modules\video_filter</Filter>
    </ClCompile>
  </ItemGroup>
</Project>