<?xml version="1.0" encoding="utf-8"?>
<Project ToolsVersion="4.0" xmlns="http://schemas.microsoft.com/developer/msbuild/2003">
  <ItemGroup>
    <Filter Include="Source Files">
      <UniqueIdentifier>{4FC737F1-C7A5-4376-A066-2A32D752A2FF}</UniqueIdentifier>
      <Extensions>cpp;c;cc;cxx;def;odl;idl;hpj;bat;asm;asmx</Extensions>
    </Filter>
    <Filter Include="Source Files\modules">
      <UniqueIdentifier>{b13533ab-93a7-4645-8009-0eb36a046b62}</UniqueIdentifier>
    </Filter>
    <Filter Include="Source Files\modules\demux">
      <UniqueIdentifier>{f10bff8f-a593-4a7e-980f-69ab4e9bea84}</UniqueIdentifier>
    </Filter>
  </ItemGroup>
  <ItemGroup>
    <ClCompile Include="..\..\..\dllsrc\dllmain.cpp">
      <Filter>Source Files</Filter>
    </ClCompile>
    <ClCompile Include="..\..\..\modules\demux\vobsub.c">
      <Filter>Source Files\modules\demux</Filter>
    </ClCompile>
  </ItemGroup>
</Project>