<?xml version="1.0" encoding="utf-8"?>
<Project ToolsVersion="4.0" xmlns="http://schemas.microsoft.com/developer/msbuild/2003">
  <ItemGroup>
    <Filter Include="Source Files">
      <UniqueIdentifier>{4FC737F1-C7A5-4376-A066-2A32D752A2FF}</UniqueIdentifier>
      <Extensions>cpp;c;cc;cxx;def;odl;idl;hpj;bat;asm;asmx</Extensions>
    </Filter>
    <Filter Include="Source Files\modules">
      <UniqueIdentifier>{e0e59d2f-11c1-4a69-a920-df7a2a73f1e8}</UniqueIdentifier>
    </Filter>
    <Filter Include="Source Files\modules\mux">
      <UniqueIdentifier>{451460df-23bb-41f3-8e26-e022b8d94769}</UniqueIdentifier>
    </Filter>
  </ItemGroup>
  <ItemGroup>
    <ClCompile Include="..\..\..\dllsrc\dllmain.cpp">
      <Filter>Source Files</Filter>
    </ClCompile>
    <ClCompile Include="..\..\..\modules\mux\avi.c">
      <Filter>Source Files\modules\mux</Filter>
    </ClCompile>
  </ItemGroup>
</Project>