<?xml version="1.0" encoding="utf-8"?>
<Project ToolsVersion="4.0" xmlns="http://schemas.microsoft.com/developer/msbuild/2003">
  <ItemGroup>
    <Filter Include="Source Files">
      <UniqueIdentifier>{4FC737F1-C7A5-4376-A066-2A32D752A2FF}</UniqueIdentifier>
      <Extensions>cpp;c;cc;cxx;def;odl;idl;hpj;bat;asm;asmx</Extensions>
    </Filter>
    <Filter Include="Source Files\modules">
      <UniqueIdentifier>{8992f7c9-4dc0-4ac5-8fb0-83f63ce40efc}</UniqueIdentifier>
    </Filter>
    <Filter Include="Source Files\modules\mux">
      <UniqueIdentifier>{d30c2b91-d584-48cc-97c7-143b52d07852}</UniqueIdentifier>
    </Filter>
  </ItemGroup>
  <ItemGroup>
    <ClCompile Include="..\..\..\dllsrc\dllmain.cpp">
      <Filter>Source Files</Filter>
    </ClCompile>
    <ClCompile Include="..\..\..\modules\mux\wav.c">
      <Filter>Source Files\modules\mux</Filter>
    </ClCompile>
  </ItemGroup>
</Project>