<?xml version="1.0" encoding="utf-8"?>
<Project ToolsVersion="4.0" xmlns="http://schemas.microsoft.com/developer/msbuild/2003">
  <ItemGroup>
    <Filter Include="Source Files">
      <UniqueIdentifier>{4FC737F1-C7A5-4376-A066-2A32D752A2FF}</UniqueIdentifier>
      <Extensions>cpp;c;cc;cxx;def;odl;idl;hpj;bat;asm;asmx</Extensions>
    </Filter>
    <Filter Include="Source Files\modules">
      <UniqueIdentifier>{91ecb369-0343-4c74-bc31-c269bd174be8}</UniqueIdentifier>
    </Filter>
    <Filter Include="Source Files\modules\mux">
      <UniqueIdentifier>{c3731e26-396d-4a27-ac54-beececef199d}</UniqueIdentifier>
    </Filter>
  </ItemGroup>
  <ItemGroup>
    <ClCompile Include="..\..\..\dllsrc\dllmain.cpp">
      <Filter>Source Files</Filter>
    </ClCompile>
    <ClCompile Include="..\..\..\modules\mux\mpjpeg.c">
      <Filter>Source Files\modules\mux</Filter>
    </ClCompile>
  </ItemGroup>
</Project>