<?xml version="1.0" encoding="utf-8"?>
<Project ToolsVersion="4.0" xmlns="http://schemas.microsoft.com/developer/msbuild/2003">
  <ItemGroup>
    <Filter Include="Source Files">
      <UniqueIdentifier>{4FC737F1-C7A5-4376-A066-2A32D752A2FF}</UniqueIdentifier>
      <Extensions>cpp;c;cc;cxx;def;odl;idl;hpj;bat;asm;asmx</Extensions>
    </Filter>
    <Filter Include="Source Files\modules">
      <UniqueIdentifier>{e8339497-3fc6-480b-8f62-c1e10032d059}</UniqueIdentifier>
    </Filter>
    <Filter Include="Source Files\modules\misc">
      <UniqueIdentifier>{b55be144-2b80-4249-ba13-ee1e8e853d00}</UniqueIdentifier>
    </Filter>
    <Filter Include="Source Files\modules\misc\xml">
      <UniqueIdentifier>{880cf8c8-b223-4260-8a89-d45d8dc3dc8f}</UniqueIdentifier>
    </Filter>
  </ItemGroup>
  <ItemGroup>
    <ClCompile Include="..\..\..\dllsrc\dllmain.cpp">
      <Filter>Source Files</Filter>
    </ClCompile>
    <ClCompile Include="..\..\..\modules\misc\xml\libxml.c">
      <Filter>Source Files\modules\misc\xml</Filter>
    </ClCompile>
  </ItemGroup>
</Project>