<?xml version="1.0" encoding="utf-8"?>
<Project ToolsVersion="4.0" xmlns="http://schemas.microsoft.com/developer/msbuild/2003">
  <ItemGroup>
    <Filter Include="Source Files">
      <UniqueIdentifier>{4FC737F1-C7A5-4376-A066-2A32D752A2FF}</UniqueIdentifier>
      <Extensions>cpp;c;cc;cxx;def;odl;idl;hpj;bat;asm;asmx</Extensions>
    </Filter>
    <Filter Include="Source Files\modules">
      <UniqueIdentifier>{bfbe8250-b982-4e85-ad4c-1330512094da}</UniqueIdentifier>
    </Filter>
    <Filter Include="Source Files\modules\video_filter">
      <UniqueIdentifier>{ee6e9d19-4c3b-46c9-bdc3-b517c1c08bd1}</UniqueIdentifier>
    </Filter>
  </ItemGroup>
  <ItemGroup>
    <ClCompile Include="..\..\..\dllsrc\dllmain.cpp">
      <Filter>Source Files</Filter>
    </ClCompile>
    <ClCompile Include="..\..\..\modules\video_filter\transform.c">
      <Filter>Source Files\modules\video_filter</Filter>
    </ClCompile>
  </ItemGroup>
</Project>