<?xml version="1.0" encoding="utf-8"?>
<Project ToolsVersion="4.0" xmlns="http://schemas.microsoft.com/developer/msbuild/2003">
  <ItemGroup>
    <Filter Include="Source Files">
      <UniqueIdentifier>{4FC737F1-C7A5-4376-A066-2A32D752A2FF}</UniqueIdentifier>
      <Extensions>cpp;c;cc;cxx;def;odl;idl;hpj;bat;asm;asmx</Extensions>
    </Filter>
    <Filter Include="Source Files\modules">
      <UniqueIdentifier>{7a4b3018-af4e-4ef8-8c20-3172276ef2fc}</UniqueIdentifier>
    </Filter>
    <Filter Include="Source Files\modules\demux">
      <UniqueIdentifier>{767a517d-9524-4322-a354-86a414bcacbe}</UniqueIdentifier>
    </Filter>
    <Filter Include="Source Files\modules\mux">
      <UniqueIdentifier>{05df9fc1-4d57-433d-8779-21c2774e7b15}</UniqueIdentifier>
    </Filter>
    <Filter Include="Source Files\modules\mux\mpeg">
      <UniqueIdentifier>{b0f01b0c-6a89-4318-b8c9-ed63719180e1}</UniqueIdentifier>
    </Filter>
  </ItemGroup>
  <ItemGroup>
    <ClCompile Include="..\..\..\dllsrc\dllmain.cpp">
      <Filter>Source Files</Filter>
    </ClCompile>
    <ClCompile Include="..\..\..\modules\demux\ts.c">
      <Filter>Source Files\modules\demux</Filter>
    </ClCompile>
    <ClCompile Include="..\..\..\modules\mux\mpeg\csa.c">
      <Filter>Source Files\modules\mux\mpeg</Filter>
    </ClCompile>
  </ItemGroup>
</Project>