<?xml version="1.0" encoding="utf-8"?>
<Project ToolsVersion="4.0" xmlns="http://schemas.microsoft.com/developer/msbuild/2003">
  <ItemGroup>
    <Filter Include="Source Files">
      <UniqueIdentifier>{4FC737F1-C7A5-4376-A066-2A32D752A2FF}</UniqueIdentifier>
      <Extensions>cpp;c;cc;cxx;def;odl;idl;hpj;bat;asm;asmx</Extensions>
    </Filter>
    <Filter Include="Source Files\modules">
      <UniqueIdentifier>{b6e9e5d2-c619-46bd-a211-81abaaef95a2}</UniqueIdentifier>
    </Filter>
    <Filter Include="Source Files\modules\audio_filter">
      <UniqueIdentifier>{a76dface-7510-4a65-8f8c-c619991030fa}</UniqueIdentifier>
    </Filter>
    <Filter Include="Source Files\modules\audio_filter\converter">
      <UniqueIdentifier>{f71aacbc-2d14-4fe2-b94a-124cedb73aa6}</UniqueIdentifier>
    </Filter>
  </ItemGroup>
  <ItemGroup>
    <ClCompile Include="..\..\..\dllsrc\dllmain.cpp">
      <Filter>Source Files</Filter>
    </ClCompile>
    <ClCompile Include="..\..\..\modules\audio_filter\converter\dtstofloat32.c">
      <Filter>Source Files\modules\audio_filter\converter</Filter>
    </ClCompile>
  </ItemGroup>
</Project>