<?xml version="1.0" encoding="utf-8"?>
<Project ToolsVersion="4.0" xmlns="http://schemas.microsoft.com/developer/msbuild/2003">
  <ItemGroup>
    <Filter Include="Source Files">
      <UniqueIdentifier>{4FC737F1-C7A5-4376-A066-2A32D752A2FF}</UniqueIdentifier>
      <Extensions>cpp;c;cc;cxx;def;odl;idl;hpj;bat;asm;asmx</Extensions>
    </Filter>
    <Filter Include="Source Files\modules">
      <UniqueIdentifier>{d30b7ce0-1df6-46ff-a687-d46615da75bf}</UniqueIdentifier>
    </Filter>
    <Filter Include="Source Files\modules\video_chroma">
      <UniqueIdentifier>{ccc0b52b-ef68-468d-926f-271301407fee}</UniqueIdentifier>
    </Filter>
  </ItemGroup>
  <ItemGroup>
    <ClCompile Include="..\..\..\dllsrc\dllmain.cpp">
      <Filter>Source Files</Filter>
    </ClCompile>
    <ClCompile Include="..\..\..\modules\video_chroma\i422_yuy2.c">
      <Filter>Source Files\modules\video_chroma</Filter>
    </ClCompile>
  </ItemGroup>
</Project>