<?xml version="1.0" encoding="utf-8"?>
<Project ToolsVersion="4.0" xmlns="http://schemas.microsoft.com/developer/msbuild/2003">
  <ItemGroup>
    <Filter Include="Source Files">
      <UniqueIdentifier>{4FC737F1-C7A5-4376-A066-2A32D752A2FF}</UniqueIdentifier>
      <Extensions>cpp;c;cc;cxx;def;odl;idl;hpj;bat;asm;asmx</Extensions>
    </Filter>
    <Filter Include="Source Files\modules">
      <UniqueIdentifier>{ee33e6d5-5ddc-48e9-9a0a-b8a4e7bdeda8}</UniqueIdentifier>
    </Filter>
    <Filter Include="Source Files\modules\stream_out">
      <UniqueIdentifier>{1e3ff170-485c-4d21-9eb1-f1b7153bdd80}</UniqueIdentifier>
    </Filter>
  </ItemGroup>
  <ItemGroup>
    <ClCompile Include="..\..\..\dllsrc\dllmain.cpp">
      <Filter>Source Files</Filter>
    </ClCompile>
    <ClCompile Include="..\..\..\modules\stream_out\display.c">
      <Filter>Source Files\modules\stream_out</Filter>
    </ClCompile>
  </ItemGroup>
</Project>