<?xml version="1.0" encoding="utf-8"?>
<Project ToolsVersion="4.0" xmlns="http://schemas.microsoft.com/developer/msbuild/2003">
  <ItemGroup>
    <Filter Include="Source Files">
      <UniqueIdentifier>{4FC737F1-C7A5-4376-A066-2A32D752A2FF}</UniqueIdentifier>
      <Extensions>cpp;c;cc;cxx;def;odl;idl;hpj;bat;asm;asmx</Extensions>
    </Filter>
    <Filter Include="Source Files\modules">
      <UniqueIdentifier>{34aeb922-75e0-4c03-9a60-24b9936fcd12}</UniqueIdentifier>
    </Filter>
    <Filter Include="Source Files\modules\control">
      <UniqueIdentifier>{4ca89ec0-4c8f-41c6-a7f5-2593817cceaf}</UniqueIdentifier>
    </Filter>
  </ItemGroup>
  <ItemGroup>
    <ClCompile Include="..\..\..\dllsrc\dllmain.cpp">
      <Filter>Source Files</Filter>
    </ClCompile>
    <ClCompile Include="..\..\..\modules\control\ntservice.c">
      <Filter>Source Files\modules\control</Filter>
    </ClCompile>
  </ItemGroup>
</Project>